// !$*UTF8*$!
{
	archiveVersion = 1;
	classes = {
	};
	objectVersion = 50;
	objects = {

/* Begin PBXBuildFile section */
		9B3531322467033100A36972 /* AppDelegate.swift in Sources */ = {isa = PBXBuildFile; fileRef = 9B3531312467033100A36972 /* AppDelegate.swift */; };
		9B3531342467033100A36972 /* SceneDelegate.swift in Sources */ = {isa = PBXBuildFile; fileRef = 9B3531332467033100A36972 /* SceneDelegate.swift */; };
		9B3531372467033100A36972 /* Starbux.xcdatamodeld in Sources */ = {isa = PBXBuildFile; fileRef = 9B3531352467033100A36972 /* Starbux.xcdatamodeld */; };
		9B3531392467033100A36972 /* ContentView.swift in Sources */ = {isa = PBXBuildFile; fileRef = 9B3531382467033100A36972 /* ContentView.swift */; };
		9B35313B2467033300A36972 /* Assets.xcassets in Resources */ = {isa = PBXBuildFile; fileRef = 9B35313A2467033300A36972 /* Assets.xcassets */; };
		9B35313E2467033300A36972 /* Preview Assets.xcassets in Resources */ = {isa = PBXBuildFile; fileRef = 9B35313D2467033300A36972 /* Preview Assets.xcassets */; };
		9B3531412467033300A36972 /* LaunchScreen.storyboard in Resources */ = {isa = PBXBuildFile; fileRef = 9B35313F2467033300A36972 /* LaunchScreen.storyboard */; };
		9B35314C2467033300A36972 /* StarbuxTests.swift in Sources */ = {isa = PBXBuildFile; fileRef = 9B35314B2467033300A36972 /* StarbuxTests.swift */; };
		9B3531572467033300A36972 /* StarbuxUITests.swift in Sources */ = {isa = PBXBuildFile; fileRef = 9B3531562467033300A36972 /* StarbuxUITests.swift */; };
		9B3531662467050400A36972 /* ColorExtension.swift in Sources */ = {isa = PBXBuildFile; fileRef = 9B3531652467050400A36972 /* ColorExtension.swift */; };
		9B35316A246705DE00A36972 /* BackSplash.swift in Sources */ = {isa = PBXBuildFile; fileRef = 9B353169246705DE00A36972 /* BackSplash.swift */; };
		9B35316C2467068400A36972 /* TopView.swift in Sources */ = {isa = PBXBuildFile; fileRef = 9B35316B2467068400A36972 /* TopView.swift */; };
		9B35316E246707B500A36972 /* TopCard.swift in Sources */ = {isa = PBXBuildFile; fileRef = 9B35316D246707B500A36972 /* TopCard.swift */; };
		9B35317024671A7900A36972 /* BottomCard.swift in Sources */ = {isa = PBXBuildFile; fileRef = 9B35316F24671A7900A36972 /* BottomCard.swift */; };
		9B953161246721B900546659 /* Food.swift in Sources */ = {isa = PBXBuildFile; fileRef = 9B953160246721B900546659 /* Food.swift */; };
		9B953163246721ED00546659 /* FoodItem.swift in Sources */ = {isa = PBXBuildFile; fileRef = 9B953162246721ED00546659 /* FoodItem.swift */; };
/* End PBXBuildFile section */

/* Begin PBXContainerItemProxy section */
		9B3531482467033300A36972 /* PBXContainerItemProxy */ = {
			isa = PBXContainerItemProxy;
			containerPortal = 9B3531262467033100A36972 /* Project object */;
			proxyType = 1;
			remoteGlobalIDString = 9B35312D2467033100A36972;
			remoteInfo = Starbux;
		};
		9B3531532467033300A36972 /* PBXContainerItemProxy */ = {
			isa = PBXContainerItemProxy;
			containerPortal = 9B3531262467033100A36972 /* Project object */;
			proxyType = 1;
			remoteGlobalIDString = 9B35312D2467033100A36972;
			remoteInfo = Starbux;
		};
/* End PBXContainerItemProxy section */

/* Begin PBXFileReference section */
		9B35312E2467033100A36972 /* Starbux.app */ = {isa = PBXFileReference; explicitFileType = wrapper.application; includeInIndex = 0; path = Starbux.app; sourceTree = BUILT_PRODUCTS_DIR; };
		9B3531312467033100A36972 /* AppDelegate.swift */ = {isa = PBXFileReference; lastKnownFileType = sourcecode.swift; path = AppDelegate.swift; sourceTree = "<group>"; };
		9B3531332467033100A36972 /* SceneDelegate.swift */ = {isa = PBXFileReference; lastKnownFileType = sourcecode.swift; path = SceneDelegate.swift; sourceTree = "<group>"; };
		9B3531362467033100A36972 /* Starbux.xcdatamodel */ = {isa = PBXFileReference; lastKnownFileType = wrapper.xcdatamodel; path = Starbux.xcdatamodel; sourceTree = "<group>"; };
		9B3531382467033100A36972 /* ContentView.swift */ = {isa = PBXFileReference; lastKnownFileType = sourcecode.swift; path = ContentView.swift; sourceTree = "<group>"; };
		9B35313A2467033300A36972 /* Assets.xcassets */ = {isa = PBXFileReference; lastKnownFileType = folder.assetcatalog; path = Assets.xcassets; sourceTree = "<group>"; };
		9B35313D2467033300A36972 /* Preview Assets.xcassets */ = {isa = PBXFileReference; lastKnownFileType = folder.assetcatalog; path = "Preview Assets.xcassets"; sourceTree = "<group>"; };
		9B3531402467033300A36972 /* Base */ = {isa = PBXFileReference; lastKnownFileType = file.storyboard; name = Base; path = Base.lproj/LaunchScreen.storyboard; sourceTree = "<group>"; };
		9B3531422467033300A36972 /* Info.plist */ = {isa = PBXFileReference; lastKnownFileType = text.plist.xml; path = Info.plist; sourceTree = "<group>"; };
		9B3531472467033300A36972 /* StarbuxTests.xctest */ = {isa = PBXFileReference; explicitFileType = wrapper.cfbundle; includeInIndex = 0; path = StarbuxTests.xctest; sourceTree = BUILT_PRODUCTS_DIR; };
		9B35314B2467033300A36972 /* StarbuxTests.swift */ = {isa = PBXFileReference; lastKnownFileType = sourcecode.swift; path = StarbuxTests.swift; sourceTree = "<group>"; };
		9B35314D2467033300A36972 /* Info.plist */ = {isa = PBXFileReference; lastKnownFileType = text.plist.xml; path = Info.plist; sourceTree = "<group>"; };
		9B3531522467033300A36972 /* StarbuxUITests.xctest */ = {isa = PBXFileReference; explicitFileType = wrapper.cfbundle; includeInIndex = 0; path = StarbuxUITests.xctest; sourceTree = BUILT_PRODUCTS_DIR; };
		9B3531562467033300A36972 /* StarbuxUITests.swift */ = {isa = PBXFileReference; lastKnownFileType = sourcecode.swift; path = StarbuxUITests.swift; sourceTree = "<group>"; };
		9B3531582467033300A36972 /* Info.plist */ = {isa = PBXFileReference; lastKnownFileType = text.plist.xml; path = Info.plist; sourceTree = "<group>"; };
		9B3531652467050400A36972 /* ColorExtension.swift */ = {isa = PBXFileReference; lastKnownFileType = sourcecode.swift; path = ColorExtension.swift; sourceTree = "<group>"; };
		9B353169246705DE00A36972 /* BackSplash.swift */ = {isa = PBXFileReference; lastKnownFileType = sourcecode.swift; path = BackSplash.swift; sourceTree = "<group>"; };
		9B35316B2467068400A36972 /* TopView.swift */ = {isa = PBXFileReference; lastKnownFileType = sourcecode.swift; path = TopView.swift; sourceTree = "<group>"; };
		9B35316D246707B500A36972 /* TopCard.swift */ = {isa = PBXFileReference; lastKnownFileType = sourcecode.swift; path = TopCard.swift; sourceTree = "<group>"; };
		9B35316F24671A7900A36972 /* BottomCard.swift */ = {isa = PBXFileReference; lastKnownFileType = sourcecode.swift; path = BottomCard.swift; sourceTree = "<group>"; };
		9B953160246721B900546659 /* Food.swift */ = {isa = PBXFileReference; lastKnownFileType = sourcecode.swift; path = Food.swift; sourceTree = "<group>"; };
		9B953162246721ED00546659 /* FoodItem.swift */ = {isa = PBXFileReference; lastKnownFileType = sourcecode.swift; path = FoodItem.swift; sourceTree = "<group>"; };
/* End PBXFileReference section */

/* Begin PBXFrameworksBuildPhase section */
		9B35312B2467033100A36972 /* Frameworks */ = {
			isa = PBXFrameworksBuildPhase;
			buildActionMask = 2147483647;
			files = (
			);
			runOnlyForDeploymentPostprocessing = 0;
		};
		9B3531442467033300A36972 /* Frameworks */ = {
			isa = PBXFrameworksBuildPhase;
			buildActionMask = 2147483647;
			files = (
			);
			runOnlyForDeploymentPostprocessing = 0;
		};
		9B35314F2467033300A36972 /* Frameworks */ = {
			isa = PBXFrameworksBuildPhase;
			buildActionMask = 2147483647;
			files = (
			);
			runOnlyForDeploymentPostprocessing = 0;
		};
/* End PBXFrameworksBuildPhase section */

/* Begin PBXGroup section */
		9B3531252467033100A36972 = {
			isa = PBXGroup;
			children = (
				9B3531302467033100A36972 /* Starbux */,
				9B35314A2467033300A36972 /* StarbuxTests */,
				9B3531552467033300A36972 /* StarbuxUITests */,
				9B35312F2467033100A36972 /* Products */,
			);
			sourceTree = "<group>";
		};
		9B35312F2467033100A36972 /* Products */ = {
			isa = PBXGroup;
			children = (
				9B35312E2467033100A36972 /* Starbux.app */,
				9B3531472467033300A36972 /* StarbuxTests.xctest */,
				9B3531522467033300A36972 /* StarbuxUITests.xctest */,
			);
			name = Products;
			sourceTree = "<group>";
		};
		9B3531302467033100A36972 /* Starbux */ = {
			isa = PBXGroup;
			children = (
				9B353168246705D000A36972 /* View */,
				9B353167246705CA00A36972 /* Model */,
				9B353164246704F100A36972 /* Extension */,
				9B3531312467033100A36972 /* AppDelegate.swift */,
				9B3531332467033100A36972 /* SceneDelegate.swift */,
				9B35313A2467033300A36972 /* Assets.xcassets */,
				9B35313F2467033300A36972 /* LaunchScreen.storyboard */,
				9B3531422467033300A36972 /* Info.plist */,
				9B3531352467033100A36972 /* Starbux.xcdatamodeld */,
				9B35313C2467033300A36972 /* Preview Content */,
			);
			path = Starbux;
			sourceTree = "<group>";
		};
		9B35313C2467033300A36972 /* Preview Content */ = {
			isa = PBXGroup;
			children = (
				9B35313D2467033300A36972 /* Preview Assets.xcassets */,
			);
			path = "Preview Content";
			sourceTree = "<group>";
		};
		9B35314A2467033300A36972 /* StarbuxTests */ = {
			isa = PBXGroup;
			children = (
				9B35314B2467033300A36972 /* StarbuxTests.swift */,
				9B35314D2467033300A36972 /* Info.plist */,
			);
			path = StarbuxTests;
			sourceTree = "<group>";
		};
		9B3531552467033300A36972 /* StarbuxUITests */ = {
			isa = PBXGroup;
			children = (
				9B3531562467033300A36972 /* StarbuxUITests.swift */,
				9B3531582467033300A36972 /* Info.plist */,
			);
			path = StarbuxUITests;
			sourceTree = "<group>";
		};
		9B353164246704F100A36972 /* Extension */ = {
			isa = PBXGroup;
			children = (
				9B3531652467050400A36972 /* ColorExtension.swift */,
			);
			path = Extension;
			sourceTree = "<group>";
		};
		9B353167246705CA00A36972 /* Model */ = {
			isa = PBXGroup;
			children = (
				9B953160246721B900546659 /* Food.swift */,
			);
			path = Model;
			sourceTree = "<group>";
		};
		9B353168246705D000A36972 /* View */ = {
			isa = PBXGroup;
			children = (
				9B353169246705DE00A36972 /* BackSplash.swift */,
				9B35316B2467068400A36972 /* TopView.swift */,
				9B35316D246707B500A36972 /* TopCard.swift */,
				9B35316F24671A7900A36972 /* BottomCard.swift */,
				9B3531382467033100A36972 /* ContentView.swift */,
				9B953162246721ED00546659 /* FoodItem.swift */,
			);
			path = View;
			sourceTree = "<group>";
		};
/* End PBXGroup section */

/* Begin PBXNativeTarget section */
		9B35312D2467033100A36972 /* Starbux */ = {
			isa = PBXNativeTarget;
			buildConfigurationList = 9B35315B2467033300A36972 /* Build configuration list for PBXNativeTarget "Starbux" */;
			buildPhases = (
				9B35312A2467033100A36972 /* Sources */,
				9B35312B2467033100A36972 /* Frameworks */,
				9B35312C2467033100A36972 /* Resources */,
			);
			buildRules = (
			);
			dependencies = (
			);
			name = Starbux;
			productName = Starbux;
			productReference = 9B35312E2467033100A36972 /* Starbux.app */;
			productType = "com.apple.product-type.application";
		};
		9B3531462467033300A36972 /* StarbuxTests */ = {
			isa = PBXNativeTarget;
			buildConfigurationList = 9B35315E2467033300A36972 /* Build configuration list for PBXNativeTarget "StarbuxTests" */;
			buildPhases = (
				9B3531432467033300A36972 /* Sources */,
				9B3531442467033300A36972 /* Frameworks */,
				9B3531452467033300A36972 /* Resources */,
			);
			buildRules = (
			);
			dependencies = (
				9B3531492467033300A36972 /* PBXTargetDependency */,
			);
			name = StarbuxTests;
			productName = StarbuxTests;
			productReference = 9B3531472467033300A36972 /* StarbuxTests.xctest */;
			productType = "com.apple.product-type.bundle.unit-test";
		};
		9B3531512467033300A36972 /* StarbuxUITests */ = {
			isa = PBXNativeTarget;
			buildConfigurationList = 9B3531612467033300A36972 /* Build configuration list for PBXNativeTarget "StarbuxUITests" */;
			buildPhases = (
				9B35314E2467033300A36972 /* Sources */,
				9B35314F2467033300A36972 /* Frameworks */,
				9B3531502467033300A36972 /* Resources */,
			);
			buildRules = (
			);
			dependencies = (
				9B3531542467033300A36972 /* PBXTargetDependency */,
			);
			name = StarbuxUITests;
			productName = StarbuxUITests;
			productReference = 9B3531522467033300A36972 /* StarbuxUITests.xctest */;
			productType = "com.apple.product-type.bundle.ui-testing";
		};
/* End PBXNativeTarget section */

/* Begin PBXProject section */
		9B3531262467033100A36972 /* Project object */ = {
			isa = PBXProject;
			attributes = {
				LastSwiftUpdateCheck = 1140;
				LastUpgradeCheck = 1140;
				ORGANIZATIONNAME = "Michael Craun";
				TargetAttributes = {
					9B35312D2467033100A36972 = {
						CreatedOnToolsVersion = 11.4.1;
					};
					9B3531462467033300A36972 = {
						CreatedOnToolsVersion = 11.4.1;
						TestTargetID = 9B35312D2467033100A36972;
					};
					9B3531512467033300A36972 = {
						CreatedOnToolsVersion = 11.4.1;
						TestTargetID = 9B35312D2467033100A36972;
					};
				};
			};
			buildConfigurationList = 9B3531292467033100A36972 /* Build configuration list for PBXProject "Starbux" */;
			compatibilityVersion = "Xcode 9.3";
			developmentRegion = en;
			hasScannedForEncodings = 0;
			knownRegions = (
				en,
				Base,
			);
			mainGroup = 9B3531252467033100A36972;
			productRefGroup = 9B35312F2467033100A36972 /* Products */;
			projectDirPath = "";
			projectRoot = "";
			targets = (
				9B35312D2467033100A36972 /* Starbux */,
				9B3531462467033300A36972 /* StarbuxTests */,
				9B3531512467033300A36972 /* StarbuxUITests */,
			);
		};
/* End PBXProject section */

/* Begin PBXResourcesBuildPhase section */
		9B35312C2467033100A36972 /* Resources */ = {
			isa = PBXResourcesBuildPhase;
			buildActionMask = 2147483647;
			files = (
				9B3531412467033300A36972 /* LaunchScreen.storyboard in Resources */,
				9B35313E2467033300A36972 /* Preview Assets.xcassets in Resources */,
				9B35313B2467033300A36972 /* Assets.xcassets in Resources */,
			);
			runOnlyForDeploymentPostprocessing = 0;
		};
		9B3531452467033300A36972 /* Resources */ = {
			isa = PBXResourcesBuildPhase;
			buildActionMask = 2147483647;
			files = (
			);
			runOnlyForDeploymentPostprocessing = 0;
		};
		9B3531502467033300A36972 /* Resources */ = {
			isa = PBXResourcesBuildPhase;
			buildActionMask = 2147483647;
			files = (
			);
			runOnlyForDeploymentPostprocessing = 0;
		};
/* End PBXResourcesBuildPhase section */

/* Begin PBXSourcesBuildPhase section */
		9B35312A2467033100A36972 /* Sources */ = {
			isa = PBXSourcesBuildPhase;
			buildActionMask = 2147483647;
			files = (
				9B35316C2467068400A36972 /* TopView.swift in Sources */,
				9B3531322467033100A36972 /* AppDelegate.swift in Sources */,
				9B35317024671A7900A36972 /* BottomCard.swift in Sources */,
				9B3531342467033100A36972 /* SceneDelegate.swift in Sources */,
				9B3531392467033100A36972 /* ContentView.swift in Sources */,
				9B35316A246705DE00A36972 /* BackSplash.swift in Sources */,
				9B35316E246707B500A36972 /* TopCard.swift in Sources */,
				9B953161246721B900546659 /* Food.swift in Sources */,
				9B3531372467033100A36972 /* Starbux.xcdatamodeld in Sources */,
				9B3531662467050400A36972 /* ColorExtension.swift in Sources */,
				9B953163246721ED00546659 /* FoodItem.swift in Sources */,
			);
			runOnlyForDeploymentPostprocessing = 0;
		};
		9B3531432467033300A36972 /* Sources */ = {
			isa = PBXSourcesBuildPhase;
			buildActionMask = 2147483647;
			files = (
				9B35314C2467033300A36972 /* StarbuxTests.swift in Sources */,
			);
			runOnlyForDeploymentPostprocessing = 0;
		};
		9B35314E2467033300A36972 /* Sources */ = {
			isa = PBXSourcesBuildPhase;
			buildActionMask = 2147483647;
			files = (
				9B3531572467033300A36972 /* StarbuxUITests.swift in Sources */,
			);
			runOnlyForDeploymentPostprocessing = 0;
		};
/* End PBXSourcesBuildPhase section */

/* Begin PBXTargetDependency section */
		9B3531492467033300A36972 /* PBXTargetDependency */ = {
			isa = PBXTargetDependency;
			target = 9B35312D2467033100A36972 /* Starbux */;
			targetProxy = 9B3531482467033300A36972 /* PBXContainerItemProxy */;
		};
		9B3531542467033300A36972 /* PBXTargetDependency */ = {
			isa = PBXTargetDependency;
			target = 9B35312D2467033100A36972 /* Starbux */;
			targetProxy = 9B3531532467033300A36972 /* PBXContainerItemProxy */;
		};
/* End PBXTargetDependency section */

/* Begin PBXVariantGroup section */
		9B35313F2467033300A36972 /* LaunchScreen.storyboard */ = {
			isa = PBXVariantGroup;
			children = (
				9B3531402467033300A36972 /* Base */,
			);
			name = LaunchScreen.storyboard;
			sourceTree = "<group>";
		};
/* End PBXVariantGroup section */

/* Begin XCBuildConfiguration section */
		9B3531592467033300A36972 /* Debug */ = {
			isa = XCBuildConfiguration;
			buildSettings = {
				ALWAYS_SEARCH_USER_PATHS = NO;
				CLANG_ANALYZER_NONNULL = YES;
				CLANG_ANALYZER_NUMBER_OBJECT_CONVERSION = YES_AGGRESSIVE;
				CLANG_CXX_LANGUAGE_STANDARD = "gnu++14";
				CLANG_CXX_LIBRARY = "libc++";
				CLANG_ENABLE_MODULES = YES;
				CLANG_ENABLE_OBJC_ARC = YES;
				CLANG_ENABLE_OBJC_WEAK = YES;
				CLANG_WARN_BLOCK_CAPTURE_AUTORELEASING = YES;
				CLANG_WARN_BOOL_CONVERSION = YES;
				CLANG_WARN_COMMA = YES;
				CLANG_WARN_CONSTANT_CONVERSION = YES;
				CLANG_WARN_DEPRECATED_OBJC_IMPLEMENTATIONS = YES;
				CLANG_WARN_DIRECT_OBJC_ISA_USAGE = YES_ERROR;
				CLANG_WARN_DOCUMENTATION_COMMENTS = YES;
				CLANG_WARN_EMPTY_BODY = YES;
				CLANG_WARN_ENUM_CONVERSION = YES;
				CLANG_WARN_INFINITE_RECURSION = YES;
				CLANG_WARN_INT_CONVERSION = YES;
				CLANG_WARN_NON_LITERAL_NULL_CONVERSION = YES;
				CLANG_WARN_OBJC_IMPLICIT_RETAIN_SELF = YES;
				CLANG_WARN_OBJC_LITERAL_CONVERSION = YES;
				CLANG_WARN_OBJC_ROOT_CLASS = YES_ERROR;
				CLANG_WARN_RANGE_LOOP_ANALYSIS = YES;
				CLANG_WARN_STRICT_PROTOTYPES = YES;
				CLANG_WARN_SUSPICIOUS_MOVE = YES;
				CLANG_WARN_UNGUARDED_AVAILABILITY = YES_AGGRESSIVE;
				CLANG_WARN_UNREACHABLE_CODE = YES;
				CLANG_WARN__DUPLICATE_METHOD_MATCH = YES;
				COPY_PHASE_STRIP = NO;
				DEBUG_INFORMATION_FORMAT = dwarf;
				ENABLE_STRICT_OBJC_MSGSEND = YES;
				ENABLE_TESTABILITY = YES;
				GCC_C_LANGUAGE_STANDARD = gnu11;
				GCC_DYNAMIC_NO_PIC = NO;
				GCC_NO_COMMON_BLOCKS = YES;
				GCC_OPTIMIZATION_LEVEL = 0;
				GCC_PREPROCESSOR_DEFINITIONS = (
					"DEBUG=1",
					"$(inherited)",
				);
				GCC_WARN_64_TO_32_BIT_CONVERSION = YES;
				GCC_WARN_ABOUT_RETURN_TYPE = YES_ERROR;
				GCC_WARN_UNDECLARED_SELECTOR = YES;
				GCC_WARN_UNINITIALIZED_AUTOS = YES_AGGRESSIVE;
				GCC_WARN_UNUSED_FUNCTION = YES;
				GCC_WARN_UNUSED_VARIABLE = YES;
				IPHONEOS_DEPLOYMENT_TARGET = 13.4;
				MTL_ENABLE_DEBUG_INFO = INCLUDE_SOURCE;
				MTL_FAST_MATH = YES;
				ONLY_ACTIVE_ARCH = YES;
				SDKROOT = iphoneos;
				SWIFT_ACTIVE_COMPILATION_CONDITIONS = DEBUG;
				SWIFT_OPTIMIZATION_LEVEL = "-Onone";
			};
			name = Debug;
		};
		9B35315A2467033300A36972 /* Release */ = {
			isa = XCBuildConfiguration;
			buildSettings = {
				ALWAYS_SEARCH_USER_PATHS = NO;
				CLANG_ANALYZER_NONNULL = YES;
				CLANG_ANALYZER_NUMBER_OBJECT_CONVERSION = YES_AGGRESSIVE;
				CLANG_CXX_LANGUAGE_STANDARD = "gnu++14";
				CLANG_CXX_LIBRARY = "libc++";
				CLANG_ENABLE_MODULES = YES;
				CLANG_ENABLE_OBJC_ARC = YES;
				CLANG_ENABLE_OBJC_WEAK = YES;
				CLANG_WARN_BLOCK_CAPTURE_AUTORELEASING = YES;
				CLANG_WARN_BOOL_CONVERSION = YES;
				CLANG_WARN_COMMA = YES;
				CLANG_WARN_CONSTANT_CONVERSION = YES;
				CLANG_WARN_DEPRECATED_OBJC_IMPLEMENTATIONS = YES;
				CLANG_WARN_DIRECT_OBJC_ISA_USAGE = YES_ERROR;
				CLANG_WARN_DOCUMENTATION_COMMENTS = YES;
				CLANG_WARN_EMPTY_BODY = YES;
				CLANG_WARN_ENUM_CONVERSION = YES;
				CLANG_WARN_INFINITE_RECURSION = YES;
				CLANG_WARN_INT_CONVERSION = YES;
				CLANG_WARN_NON_LITERAL_NULL_CONVERSION = YES;
				CLANG_WARN_OBJC_IMPLICIT_RETAIN_SELF = YES;
				CLANG_WARN_OBJC_LITERAL_CONVERSION = YES;
				CLANG_WARN_OBJC_ROOT_CLASS = YES_ERROR;
				CLANG_WARN_RANGE_LOOP_ANALYSIS = YES;
				CLANG_WARN_STRICT_PROTOTYPES = YES;
				CLANG_WARN_SUSPICIOUS_MOVE = YES;
				CLANG_WARN_UNGUARDED_AVAILABILITY = YES_AGGRESSIVE;
				CLANG_WARN_UNREACHABLE_CODE = YES;
				CLANG_WARN__DUPLICATE_METHOD_MATCH = YES;
				COPY_PHASE_STRIP = NO;
				DEBUG_INFORMATION_FORMAT = "dwarf-with-dsym";
				ENABLE_NS_ASSERTIONS = NO;
				ENABLE_STRICT_OBJC_MSGSEND = YES;
				GCC_C_LANGUAGE_STANDARD = gnu11;
				GCC_NO_COMMON_BLOCKS = YES;
				GCC_WARN_64_TO_32_BIT_CONVERSION = YES;
				GCC_WARN_ABOUT_RETURN_TYPE = YES_ERROR;
				GCC_WARN_UNDECLARED_SELECTOR = YES;
				GCC_WARN_UNINITIALIZED_AUTOS = YES_AGGRESSIVE;
				GCC_WARN_UNUSED_FUNCTION = YES;
				GCC_WARN_UNUSED_VARIABLE = YES;
				IPHONEOS_DEPLOYMENT_TARGET = 13.4;
				MTL_ENABLE_DEBUG_INFO = NO;
				MTL_FAST_MATH = YES;
				SDKROOT = iphoneos;
				SWIFT_COMPILATION_MODE = wholemodule;
				SWIFT_OPTIMIZATION_LEVEL = "-O";
				VALIDATE_PRODUCT = YES;
			};
			name = Release;
		};
		9B35315C2467033300A36972 /* Debug */ = {
			isa = XCBuildConfiguration;
			buildSettings = {
				ASSETCATALOG_COMPILER_APPICON_NAME = AppIcon;
				CODE_SIGN_STYLE = Automatic;
				DEVELOPMENT_ASSET_PATHS = "\"Starbux/Preview Content\"";
				DEVELOPMENT_TEAM = 96SB47X67B;
				ENABLE_PREVIEWS = YES;
				INFOPLIST_FILE = Starbux/Info.plist;
				LD_RUNPATH_SEARCH_PATHS = (
					"$(inherited)",
					"@executable_path/Frameworks",
				);
				PRODUCT_BUNDLE_IDENTIFIER = com.craunicproductions.Starbux;
				PRODUCT_NAME = "$(TARGET_NAME)";
				SWIFT_VERSION = 5.0;
				TARGETED_DEVICE_FAMILY = "1,2";
			};
			name = Debug;
		};
		9B35315D2467033300A36972 /* Release */ = {
			isa = XCBuildConfiguration;
			buildSettings = {
				ASSETCATALOG_COMPILER_APPICON_NAME = AppIcon;
				CODE_SIGN_STYLE = Automatic;
				DEVELOPMENT_ASSET_PATHS = "\"Starbux/Preview Content\"";
				DEVELOPMENT_TEAM = 96SB47X67B;
				ENABLE_PREVIEWS = YES;
				INFOPLIST_FILE = Starbux/Info.plist;
				LD_RUNPATH_SEARCH_PATHS = (
					"$(inherited)",
					"@executable_path/Frameworks",
				);
				PRODUCT_BUNDLE_IDENTIFIER = com.craunicproductions.Starbux;
				PRODUCT_NAME = "$(TARGET_NAME)";
				SWIFT_VERSION = 5.0;
				TARGETED_DEVICE_FAMILY = "1,2";
			};
			name = Release;
		};
		9B35315F2467033300A36972 /* Debug */ = {
			isa = XCBuildConfiguration;
			buildSettings = {
				ALWAYS_EMBED_SWIFT_STANDARD_LIBRARIES = YES;
				BUNDLE_LOADER = "$(TEST_HOST)";
				CODE_SIGN_STYLE = Automatic;
				DEVELOPMENT_TEAM = 96SB47X67B;
				INFOPLIST_FILE = StarbuxTests/Info.plist;
				IPHONEOS_DEPLOYMENT_TARGET = 13.4;
				LD_RUNPATH_SEARCH_PATHS = (
					"$(inherited)",
					"@executable_path/Frameworks",
					"@loader_path/Frameworks",
				);
				PRODUCT_BUNDLE_IDENTIFIER = com.craunicproductions.StarbuxTests;
				PRODUCT_NAME = "$(TARGET_NAME)";
				SWIFT_VERSION = 5.0;
				TARGETED_DEVICE_FAMILY = "1,2";
				TEST_HOST = "$(BUILT_PRODUCTS_DIR)/Starbux.app/Starbux";
			};
			name = Debug;
		};
		9B3531602467033300A36972 /* Release */ = {
			isa = XCBuildConfiguration;
			buildSettings = {
				ALWAYS_EMBED_SWIFT_STANDARD_LIBRARIES = YES;
				BUNDLE_LOADER = "$(TEST_HOST)";
				CODE_SIGN_STYLE = Automatic;
				DEVELOPMENT_TEAM = 96SB47X67B;
				INFOPLIST_FILE = StarbuxTests/Info.plist;
				IPHONEOS_DEPLOYMENT_TARGET = 13.4;
				LD_RUNPATH_SEARCH_PATHS = (
					"$(inherited)",
					"@executable_path/Frameworks",
					"@loader_path/Frameworks",
				);
				PRODUCT_BUNDLE_IDENTIFIER = com.craunicproductions.StarbuxTests;
				PRODUCT_NAME = "$(TARGET_NAME)";
				SWIFT_VERSION = 5.0;
				TARGETED_DEVICE_FAMILY = "1,2";
				TEST_HOST = "$(BUILT_PRODUCTS_DIR)/Starbux.app/Starbux";
			};
			name = Release;
		};
		9B3531622467033300A36972 /* Debug */ = {
			isa = XCBuildConfiguration;
			buildSettings = {
				ALWAYS_EMBED_SWIFT_STANDARD_LIBRARIES = YES;
				CODE_SIGN_STYLE = Automatic;
				DEVELOPMENT_TEAM = 96SB47X67B;
				INFOPLIST_FILE = StarbuxUITests/Info.plist;
				LD_RUNPATH_SEARCH_PATHS = (
					"$(inherited)",
					"@executable_path/Frameworks",
					"@loader_path/Frameworks",
				);
				PRODUCT_BUNDLE_IDENTIFIER = com.craunicproductions.StarbuxUITests;
				PRODUCT_NAME = "$(TARGET_NAME)";
				SWIFT_VERSION = 5.0;
				TARGETED_DEVICE_FAMILY = "1,2";
				TEST_TARGET_NAME = Starbux;
			};
			name = Debug;
		};
		9B3531632467033300A36972 /* Release */ = {
			isa = XCBuildConfiguration;
			buildSettings = {
				ALWAYS_EMBED_SWIFT_STANDARD_LIBRARIES = YES;
				CODE_SIGN_STYLE = Automatic;
				DEVELOPMENT_TEAM = 96SB47X67B;
				INFOPLIST_FILE = StarbuxUITests/Info.plist;
				LD_RUNPATH_SEARCH_PATHS = (
					"$(inherited)",
					"@executable_path/Frameworks",
					"@loader_path/Frameworks",
				);
				PRODUCT_BUNDLE_IDENTIFIER = com.craunicproductions.StarbuxUITests;
				PRODUCT_NAME = "$(TARGET_NAME)";
				SWIFT_VERSION = 5.0;
				TARGETED_DEVICE_FAMILY = "1,2";
				TEST_TARGET_NAME = Starbux;
			};
			name = Release;
		};
/* End XCBuildConfiguration section */

/* Begin XCConfigurationList section */
		9B3531292467033100A36972 /* Build configuration list for PBXProject "Starbux" */ = {
			isa = XCConfigurationList;
			buildConfigurations = (
				9B3531592467033300A36972 /* Debug */,
				9B35315A2467033300A36972 /* Release */,
			);
			defaultConfigurationIsVisible = 0;
			defaultConfigurationName = Release;
		};
		9B35315B2467033300A36972 /* Build configuration list for PBXNativeTarget "Starbux" */ = {
			isa = XCConfigurationList;
			buildConfigurations = (
				9B35315C2467033300A36972 /* Debug */,
				9B35315D2467033300A36972 /* Release */,
			);
			defaultConfigurationIsVisible = 0;
			defaultConfigurationName = Release;
		};
		9B35315E2467033300A36972 /* Build configuration list for PBXNativeTarget "StarbuxTests" */ = {
			isa = XCConfigurationList;
			buildConfigurations = (
				9B35315F2467033300A36972 /* Debug */,
				9B3531602467033300A36972 /* Release */,
			);
			defaultConfigurationIsVisible = 0;
			defaultConfigurationName = Release;
		};
		9B3531612467033300A36972 /* Build configuration list for PBXNativeTarget "StarbuxUITests" */ = {
			isa = XCConfigurationList;
			buildConfigurations = (
				9B3531622467033300A36972 /* Debug */,
				9B3531632467033300A36972 /* Release */,
			);
			defaultConfigurationIsVisible = 0;
			defaultConfigurationName = Release;
		};
/* End XCConfigurationList section */

/* Begin XCVersionGroup section */
		9B3531352467033100A36972 /* Starbux.xcdatamodeld */ = {
			isa = XCVersionGroup;
			children = (
				9B3531362467033100A36972 /* Starbux.xcdatamodel */,
			);
			currentVersion = 9B3531362467033100A36972 /* Starbux.xcdatamodel */;
			path = Starbux.xcdatamodeld;
			sourceTree = "<group>";
			versionGroupType = wrapper.xcdatamodel;
		};
/* End XCVersionGroup section */
	};
	rootObject = 9B3531262467033100A36972 /* Project object */;
}
